
Microsoft Visual Studio Solution File, Format Version 12.00
# Visual Studio Version 16
VisualStudioVersion = 16.0.30907.101
MinimumVisualStudioVersion = 10.0.40219.1
Project("{FAE04EC0-301F-11D3-BF4B-00C04F79EFBC}") = "Linear TimeCode Generator.UWP", "Linear TimeCode Generator\Linear TimeCode Generator.UWP\Linear TimeCode Generator.UWP.csproj", "{F57A8A27-8147-45B9-85AB-BF492C52A3CD}"
EndProject
Project("{FAE04EC0-301F-11D3-BF4B-00C04F79EFBC}") = "Linear TimeCode Generator.Android", "Linear TimeCode Generator\Linear TimeCode Generator.Android\Linear TimeCode Generator.Android.csproj", "{08B7829C-48C8-489B-B3D4-95703CF18FEA}"
EndProject
Project("{FAE04EC0-301F-11D3-BF4B-00C04F79EFBC}") = "Linear TimeCode Generator.iOS", "Linear TimeCode Generator\Linear TimeCode Generator.iOS\Linear TimeCode Generator.iOS.csproj", "{AC37191A-92A5-4A15-9EB2-79415C81A4E8}"
EndProject
Project("{9A19103F-16F7-4668-BE54-9A1E7A4F7556}") = "Linear TimeCode Generator", "Linear TimeCode Generator\Linear TimeCode Generator\Linear TimeCode Generator.csproj", "{BD6DD435-F90D-49F6-9F9F-EF99B82CDA14}"
EndProject
Project("{8BC9CEB8-8B4A-11D0-8D11-00A0C91BC942}") = "LTCSharp", "..\LTCSharp\LTCSharp\LTCSharp.vcxproj", "{6625FC6E-AC51-4276-9D95-57AB78E21B03}"
EndProject
Project("{8BC9CEB8-8B4A-11D0-8D11-00A0C91BC942}") = "libltc", "..\LTCSharp\libltc\libltc.vcxproj", "{1888F07F-1021-46B9-9025-3AAA4EBF0A24}"
EndProject
Project("{2150E333-8FDC-42A3-9474-1A3956D46DE8}") = "LTCSharpWrapper", "LTCSharpWrapper", "{8C6156EA-09DC-40CD-936F-BC5682A10686}"
EndProject
Global
	GlobalSection(SolutionConfigurationPlatforms) = preSolution
		Debug|Any CPU = Debug|Any CPU
		Debug|ARM = Debug|ARM
		Debug|iPhone = Debug|iPhone
		Debug|iPhoneSimulator = Debug|iPhoneSimulator
		Debug|x64 = Debug|x64
		Debug|x86 = Debug|x86
		Release|Any CPU = Release|Any CPU
		Release|ARM = Release|ARM
		Release|iPhone = Release|iPhone
		Release|iPhoneSimulator = Release|iPhoneSimulator
		Release|x64 = Release|x64
		Release|x86 = Release|x86
	EndGlobalSection
	GlobalSection(ProjectConfigurationPlatforms) = postSolution
		{F57A8A27-8147-45B9-85AB-BF492C52A3CD}.Debug|Any CPU.ActiveCfg = Debug|x86
		{F57A8A27-8147-45B9-85AB-BF492C52A3CD}.Debug|Any CPU.Build.0 = Debug|x86
		{F57A8A27-8147-45B9-85AB-BF492C52A3CD}.Debug|Any CPU.Deploy.0 = Debug|x86
		{F57A8A27-8147-45B9-85AB-BF492C52A3CD}.Debug|ARM.ActiveCfg = Debug|ARM
		{F57A8A27-8147-45B9-85AB-BF492C52A3CD}.Debug|ARM.Build.0 = Debug|ARM
		{F57A8A27-8147-45B9-85AB-BF492C52A3CD}.Debug|ARM.Deploy.0 = Debug|ARM
		{F57A8A27-8147-45B9-85AB-BF492C52A3CD}.Debug|iPhone.ActiveCfg = Debug|x86
		{F57A8A27-8147-45B9-85AB-BF492C52A3CD}.Debug|iPhone.Build.0 = Debug|x86
		{F57A8A27-8147-45B9-85AB-BF492C52A3CD}.Debug|iPhone.Deploy.0 = Debug|x86
		{F57A8A27-8147-45B9-85AB-BF492C52A3CD}.Debug|iPhoneSimulator.ActiveCfg = Debug|x86
		{F57A8A27-8147-45B9-85AB-BF492C52A3CD}.Debug|iPhoneSimulator.Build.0 = Debug|x86
		{F57A8A27-8147-45B9-85AB-BF492C52A3CD}.Debug|iPhoneSimulator.Deploy.0 = Debug|x86
		{F57A8A27-8147-45B9-85AB-BF492C52A3CD}.Debug|x64.ActiveCfg = Debug|x64
		{F57A8A27-8147-45B9-85AB-BF492C52A3CD}.Debug|x64.Build.0 = Debug|x64
		{F57A8A27-8147-45B9-85AB-BF492C52A3CD}.Debug|x64.Deploy.0 = Debug|x64
		{F57A8A27-8147-45B9-85AB-BF492C52A3CD}.Debug|x86.ActiveCfg = Debug|x86
		{F57A8A27-8147-45B9-85AB-BF492C52A3CD}.Debug|x86.Build.0 = Debug|x86
		{F57A8A27-8147-45B9-85AB-BF492C52A3CD}.Debug|x86.Deploy.0 = Debug|x86
		{F57A8A27-8147-45B9-85AB-BF492C52A3CD}.Release|Any CPU.ActiveCfg = Release|x86
		{F57A8A27-8147-45B9-85AB-BF492C52A3CD}.Release|Any CPU.Build.0 = Release|x86
		{F57A8A27-8147-45B9-85AB-BF492C52A3CD}.Release|Any CPU.Deploy.0 = Release|x86
		{F57A8A27-8147-45B9-85AB-BF492C52A3CD}.Release|ARM.ActiveCfg = Release|ARM
		{F57A8A27-8147-45B9-85AB-BF492C52A3CD}.Release|ARM.Build.0 = Release|ARM
		{F57A8A27-8147-45B9-85AB-BF492C52A3CD}.Release|ARM.Deploy.0 = Release|ARM
		{F57A8A27-8147-45B9-85AB-BF492C52A3CD}.Release|iPhone.ActiveCfg = Release|x86
		{F57A8A27-8147-45B9-85AB-BF492C52A3CD}.Release|iPhone.Build.0 = Release|x86
		{F57A8A27-8147-45B9-85AB-BF492C52A3CD}.Release|iPhone.Deploy.0 = Release|x86
		{F57A8A27-8147-45B9-85AB-BF492C52A3CD}.Release|iPhoneSimulator.ActiveCfg = Release|x86
		{F57A8A27-8147-45B9-85AB-BF492C52A3CD}.Release|iPhoneSimulator.Build.0 = Release|x86
		{F57A8A27-8147-45B9-85AB-BF492C52A3CD}.Release|iPhoneSimulator.Deploy.0 = Release|x86
		{F57A8A27-8147-45B9-85AB-BF492C52A3CD}.Release|x64.ActiveCfg = Release|x64
		{F57A8A27-8147-45B9-85AB-BF492C52A3CD}.Release|x64.Build.0 = Release|x64
		{F57A8A27-8147-45B9-85AB-BF492C52A3CD}.Release|x64.Deploy.0 = Release|x64
		{F57A8A27-8147-45B9-85AB-BF492C52A3CD}.Release|x86.ActiveCfg = Release|x86
		{F57A8A27-8147-45B9-85AB-BF492C52A3CD}.Release|x86.Build.0 = Release|x86
		{F57A8A27-8147-45B9-85AB-BF492C52A3CD}.Release|x86.Deploy.0 = Release|x86
		{08B7829C-48C8-489B-B3D4-95703CF18FEA}.Debug|Any CPU.ActiveCfg = Debug|Any CPU
		{08B7829C-48C8-489B-B3D4-95703CF18FEA}.Debug|Any CPU.Build.0 = Debug|Any CPU
		{08B7829C-48C8-489B-B3D4-95703CF18FEA}.Debug|Any CPU.Deploy.0 = Debug|Any CPU
		{08B7829C-48C8-489B-B3D4-95703CF18FEA}.Debug|ARM.ActiveCfg = Debug|Any CPU
		{08B7829C-48C8-489B-B3D4-95703CF18FEA}.Debug|ARM.Build.0 = Debug|Any CPU
		{08B7829C-48C8-489B-B3D4-95703CF18FEA}.Debug|ARM.Deploy.0 = Debug|Any CPU
		{08B7829C-48C8-489B-B3D4-95703CF18FEA}.Debug|iPhone.ActiveCfg = Debug|Any CPU
		{08B7829C-48C8-489B-B3D4-95703CF18FEA}.Debug|iPhone.Build.0 = Debug|Any CPU
		{08B7829C-48C8-489B-B3D4-95703CF18FEA}.Debug|iPhone.Deploy.0 = Debug|Any CPU
		{08B7829C-48C8-489B-B3D4-95703CF18FEA}.Debug|iPhoneSimulator.ActiveCfg = Debug|Any CPU
		{08B7829C-48C8-489B-B3D4-95703CF18FEA}.Debug|iPhoneSimulator.Build.0 = Debug|Any CPU
		{08B7829C-48C8-489B-B3D4-95703CF18FEA}.Debug|iPhoneSimulator.Deploy.0 = Debug|Any CPU
		{08B7829C-48C8-489B-B3D4-95703CF18FEA}.Debug|x64.ActiveCfg = Debug|Any CPU
		{08B7829C-48C8-489B-B3D4-95703CF18FEA}.Debug|x64.Build.0 = Debug|Any CPU
		{08B7829C-48C8-489B-B3D4-95703CF18FEA}.Debug|x64.Deploy.0 = Debug|Any CPU
		{08B7829C-48C8-489B-B3D4-95703CF18FEA}.Debug|x86.ActiveCfg = Debug|Any CPU
		{08B7829C-48C8-489B-B3D4-95703CF18FEA}.Debug|x86.Build.0 = Debug|Any CPU
		{08B7829C-48C8-489B-B3D4-95703CF18FEA}.Debug|x86.Deploy.0 = Debug|Any CPU
		{08B7829C-48C8-489B-B3D4-95703CF18FEA}.Release|Any CPU.ActiveCfg = Release|Any CPU
		{08B7829C-48C8-489B-B3D4-95703CF18FEA}.Release|Any CPU.Build.0 = Release|Any CPU
		{08B7829C-48C8-489B-B3D4-95703CF18FEA}.Release|Any CPU.Deploy.0 = Release|Any CPU
		{08B7829C-48C8-489B-B3D4-95703CF18FEA}.Release|ARM.ActiveCfg = Release|Any CPU
		{08B7829C-48C8-489B-B3D4-95703CF18FEA}.Release|ARM.Build.0 = Release|Any CPU
		{08B7829C-48C8-489B-B3D4-95703CF18FEA}.Release|ARM.Deploy.0 = Release|Any CPU
		{08B7829C-48C8-489B-B3D4-95703CF18FEA}.Release|iPhone.ActiveCfg = Release|Any CPU
		{08B7829C-48C8-489B-B3D4-95703CF18FEA}.Release|iPhone.Build.0 = Release|Any CPU
		{08B7829C-48C8-489B-B3D4-95703CF18FEA}.Release|iPhone.Deploy.0 = Release|Any CPU
		{08B7829C-48C8-489B-B3D4-95703CF18FEA}.Release|iPhoneSimulator.ActiveCfg = Release|Any CPU
		{08B7829C-48C8-489B-B3D4-95703CF18FEA}.Release|iPhoneSimulator.Build.0 = Release|Any CPU
		{08B7829C-48C8-489B-B3D4-95703CF18FEA}.Release|iPhoneSimulator.Deploy.0 = Release|Any CPU
		{08B7829C-48C8-489B-B3D4-95703CF18FEA}.Release|x64.ActiveCfg = Release|Any CPU
		{08B7829C-48C8-489B-B3D4-95703CF18FEA}.Release|x64.Build.0 = Release|Any CPU
		{08B7829C-48C8-489B-B3D4-95703CF18FEA}.Release|x64.Deploy.0 = Release|Any CPU
		{08B7829C-48C8-489B-B3D4-95703CF18FEA}.Release|x86.ActiveCfg = Release|Any CPU
		{08B7829C-48C8-489B-B3D4-95703CF18FEA}.Release|x86.Build.0 = Release|Any CPU
		{08B7829C-48C8-489B-B3D4-95703CF18FEA}.Release|x86.Deploy.0 = Release|Any CPU
		{AC37191A-92A5-4A15-9EB2-79415C81A4E8}.Debug|Any CPU.ActiveCfg = Debug|iPhoneSimulator
		{AC37191A-92A5-4A15-9EB2-79415C81A4E8}.Debug|Any CPU.Build.0 = Debug|iPhoneSimulator
		{AC37191A-92A5-4A15-9EB2-79415C81A4E8}.Debug|Any CPU.Deploy.0 = Debug|iPhoneSimulator
		{AC37191A-92A5-4A15-9EB2-79415C81A4E8}.Debug|ARM.ActiveCfg = Debug|iPhone
		{AC37191A-92A5-4A15-9EB2-79415C81A4E8}.Debug|ARM.Build.0 = Debug|iPhone
		{AC37191A-92A5-4A15-9EB2-79415C81A4E8}.Debug|ARM.Deploy.0 = Debug|iPhone
		{AC37191A-92A5-4A15-9EB2-79415C81A4E8}.Debug|iPhone.ActiveCfg = Debug|iPhone
		{AC37191A-92A5-4A15-9EB2-79415C81A4E8}.Debug|iPhone.Build.0 = Debug|iPhone
		{AC37191A-92A5-4A15-9EB2-79415C81A4E8}.Debug|iPhone.Deploy.0 = Debug|iPhone
		{AC37191A-92A5-4A15-9EB2-79415C81A4E8}.Debug|iPhoneSimulator.ActiveCfg = Debug|iPhoneSimulator
		{AC37191A-92A5-4A15-9EB2-79415C81A4E8}.Debug|iPhoneSimulator.Build.0 = Debug|iPhoneSimulator
		{AC37191A-92A5-4A15-9EB2-79415C81A4E8}.Debug|iPhoneSimulator.Deploy.0 = Debug|iPhoneSimulator
		{AC37191A-92A5-4A15-9EB2-79415C81A4E8}.Debug|x64.ActiveCfg = Debug|iPhoneSimulator
		{AC37191A-92A5-4A15-9EB2-79415C81A4E8}.Debug|x64.Build.0 = Debug|iPhoneSimulator
		{AC37191A-92A5-4A15-9EB2-79415C81A4E8}.Debug|x64.Deploy.0 = Debug|iPhoneSimulator
		{AC37191A-92A5-4A15-9EB2-79415C81A4E8}.Debug|x86.ActiveCfg = Debug|iPhoneSimulator
		{AC37191A-92A5-4A15-9EB2-79415C81A4E8}.Debug|x86.Build.0 = Debug|iPhoneSimulator
		{AC37191A-92A5-4A15-9EB2-79415C81A4E8}.Debug|x86.Deploy.0 = Debug|iPhoneSimulator
		{AC37191A-92A5-4A15-9EB2-79415C81A4E8}.Release|Any CPU.ActiveCfg = Release|iPhoneSimulator
		{AC37191A-92A5-4A15-9EB2-79415C81A4E8}.Release|Any CPU.Build.0 = Release|iPhoneSimulator
		{AC37191A-92A5-4A15-9EB2-79415C81A4E8}.Release|Any CPU.Deploy.0 = Release|iPhoneSimulator
		{AC37191A-92A5-4A15-9EB2-79415C81A4E8}.Release|ARM.ActiveCfg = Release|iPhoneSimulator
		{AC37191A-92A5-4A15-9EB2-79415C81A4E8}.Release|ARM.Build.0 = Release|iPhoneSimulator
		{AC37191A-92A5-4A15-9EB2-79415C81A4E8}.Release|ARM.Deploy.0 = Release|iPhoneSimulator
		{AC37191A-92A5-4A15-9EB2-79415C81A4E8}.Release|iPhone.ActiveCfg = Release|iPhone
		{AC37191A-92A5-4A15-9EB2-79415C81A4E8}.Release|iPhone.Build.0 = Release|iPhone
		{AC37191A-92A5-4A15-9EB2-79415C81A4E8}.Release|iPhone.Deploy.0 = Release|iPhone
		{AC37191A-92A5-4A15-9EB2-79415C81A4E8}.Release|iPhoneSimulator.ActiveCfg = Release|iPhoneSimulator
		{AC37191A-92A5-4A15-9EB2-79415C81A4E8}.Release|iPhoneSimulator.Build.0 = Release|iPhoneSimulator
		{AC37191A-92A5-4A15-9EB2-79415C81A4E8}.Release|iPhoneSimulator.Deploy.0 = Release|iPhoneSimulator
		{AC37191A-92A5-4A15-9EB2-79415C81A4E8}.Release|x64.ActiveCfg = Release|iPhoneSimulator
		{AC37191A-92A5-4A15-9EB2-79415C81A4E8}.Release|x64.Build.0 = Release|iPhoneSimulator
		{AC37191A-92A5-4A15-9EB2-79415C81A4E8}.Release|x64.Deploy.0 = Release|iPhoneSimulator
		{AC37191A-92A5-4A15-9EB2-79415C81A4E8}.Release|x86.ActiveCfg = Release|iPhoneSimulator
		{AC37191A-92A5-4A15-9EB2-79415C81A4E8}.Release|x86.Build.0 = Release|iPhoneSimulator
		{AC37191A-92A5-4A15-9EB2-79415C81A4E8}.Release|x86.Deploy.0 = Release|iPhoneSimulator
		{BD6DD435-F90D-49F6-9F9F-EF99B82CDA14}.Debug|Any CPU.ActiveCfg = Debug|Any CPU
		{BD6DD435-F90D-49F6-9F9F-EF99B82CDA14}.Debug|Any CPU.Build.0 = Debug|Any CPU
		{BD6DD435-F90D-49F6-9F9F-EF99B82CDA14}.Debug|Any CPU.Deploy.0 = Debug|Any CPU
		{BD6DD435-F90D-49F6-9F9F-EF99B82CDA14}.Debug|ARM.ActiveCfg = Debug|Any CPU
		{BD6DD435-F90D-49F6-9F9F-EF99B82CDA14}.Debug|ARM.Build.0 = Debug|Any CPU
		{BD6DD435-F90D-49F6-9F9F-EF99B82CDA14}.Debug|ARM.Deploy.0 = Debug|Any CPU
		{BD6DD435-F90D-49F6-9F9F-EF99B82CDA14}.Debug|iPhone.ActiveCfg = Debug|Any CPU
		{BD6DD435-F90D-49F6-9F9F-EF99B82CDA14}.Debug|iPhone.Build.0 = Debug|Any CPU
		{BD6DD435-F90D-49F6-9F9F-EF99B82CDA14}.Debug|iPhone.Deploy.0 = Debug|Any CPU
		{BD6DD435-F90D-49F6-9F9F-EF99B82CDA14}.Debug|iPhoneSimulator.ActiveCfg = Debug|Any CPU
		{BD6DD435-F90D-49F6-9F9F-EF99B82CDA14}.Debug|iPhoneSimulator.Build.0 = Debug|Any CPU
		{BD6DD435-F90D-49F6-9F9F-EF99B82CDA14}.Debug|iPhoneSimulator.Deploy.0 = Debug|Any CPU
		{BD6DD435-F90D-49F6-9F9F-EF99B82CDA14}.Debug|x64.ActiveCfg = Debug|Any CPU
		{BD6DD435-F90D-49F6-9F9F-EF99B82CDA14}.Debug|x64.Build.0 = Debug|Any CPU
		{BD6DD435-F90D-49F6-9F9F-EF99B82CDA14}.Debug|x64.Deploy.0 = Debug|Any CPU
		{BD6DD435-F90D-49F6-9F9F-EF99B82CDA14}.Debug|x86.ActiveCfg = Debug|Any CPU
		{BD6DD435-F90D-49F6-9F9F-EF99B82CDA14}.Debug|x86.Build.0 = Debug|Any CPU
		{BD6DD435-F90D-49F6-9F9F-EF99B82CDA14}.Debug|x86.Deploy.0 = Debug|Any CPU
		{BD6DD435-F90D-49F6-9F9F-EF99B82CDA14}.Release|Any CPU.ActiveCfg = Release|Any CPU
		{BD6DD435-F90D-49F6-9F9F-EF99B82CDA14}.Release|Any CPU.Build.0 = Release|Any CPU
		{BD6DD435-F90D-49F6-9F9F-EF99B82CDA14}.Release|Any CPU.Deploy.0 = Release|Any CPU
		{BD6DD435-F90D-49F6-9F9F-EF99B82CDA14}.Release|ARM.ActiveCfg = Release|Any CPU
		{BD6DD435-F90D-49F6-9F9F-EF99B82CDA14}.Release|ARM.Build.0 = Release|Any CPU
		{BD6DD435-F90D-49F6-9F9F-EF99B82CDA14}.Release|ARM.Deploy.0 = Release|Any CPU
		{BD6DD435-F90D-49F6-9F9F-EF99B82CDA14}.Release|iPhone.ActiveCfg = Release|Any CPU
		{BD6DD435-F90D-49F6-9F9F-EF99B82CDA14}.Release|iPhone.Build.0 = Release|Any CPU
		{BD6DD435-F90D-49F6-9F9F-EF99B82CDA14}.Release|iPhone.Deploy.0 = Release|Any CPU
		{BD6DD435-F90D-49F6-9F9F-EF99B82CDA14}.Release|iPhoneSimulator.ActiveCfg = Release|Any CPU
		{BD6DD435-F90D-49F6-9F9F-EF99B82CDA14}.Release|iPhoneSimulator.Build.0 = Release|Any CPU
		{BD6DD435-F90D-49F6-9F9F-EF99B82CDA14}.Release|iPhoneSimulator.Deploy.0 = Release|Any CPU
		{BD6DD435-F90D-49F6-9F9F-EF99B82CDA14}.Release|x64.ActiveCfg = Release|Any CPU
		{BD6DD435-F90D-49F6-9F9F-EF99B82CDA14}.Release|x64.Build.0 = Release|Any CPU
		{BD6DD435-F90D-49F6-9F9F-EF99B82CDA14}.Release|x64.Deploy.0 = Release|Any CPU
		{BD6DD435-F90D-49F6-9F9F-EF99B82CDA14}.Release|x86.ActiveCfg = Release|Any CPU
		{BD6DD435-F90D-49F6-9F9F-EF99B82CDA14}.Release|x86.Build.0 = Release|Any CPU
		{BD6DD435-F90D-49F6-9F9F-EF99B82CDA14}.Release|x86.Deploy.0 = Release|Any CPU
		{6625FC6E-AC51-4276-9D95-57AB78E21B03}.Debug|Any CPU.ActiveCfg = Debug|Win32
		{6625FC6E-AC51-4276-9D95-57AB78E21B03}.Debug|ARM.ActiveCfg = Debug|Win32
		{6625FC6E-AC51-4276-9D95-57AB78E21B03}.Debug|iPhone.ActiveCfg = Debug|Win32
		{6625FC6E-AC51-4276-9D95-57AB78E21B03}.Debug|iPhoneSimulator.ActiveCfg = Debug|Win32
		{6625FC6E-AC51-4276-9D95-57AB78E21B03}.Debug|x64.ActiveCfg = Debug|Win32
		{6625FC6E-AC51-4276-9D95-57AB78E21B03}.Debug|x86.ActiveCfg = Debug|Win32
		{6625FC6E-AC51-4276-9D95-57AB78E21B03}.Debug|x86.Build.0 = Debug|Win32
		{6625FC6E-AC51-4276-9D95-57AB78E21B03}.Release|Any CPU.ActiveCfg = Release|Win32
		{6625FC6E-AC51-4276-9D95-57AB78E21B03}.Release|ARM.ActiveCfg = Release|Win32
		{6625FC6E-AC51-4276-9D95-57AB78E21B03}.Release|iPhone.ActiveCfg = Release|Win32
		{6625FC6E-AC51-4276-9D95-57AB78E21B03}.Release|iPhoneSimulator.ActiveCfg = Release|Win32
		{6625FC6E-AC51-4276-9D95-57AB78E21B03}.Release|x64.ActiveCfg = Release|Win32
		{6625FC6E-AC51-4276-9D95-57AB78E21B03}.Release|x86.ActiveCfg = Release|Win32
		{6625FC6E-AC51-4276-9D95-57AB78E21B03}.Release|x86.Build.0 = Release|Win32
		{1888F07F-1021-46B9-9025-3AAA4EBF0A24}.Debug|Any CPU.ActiveCfg = Debug|Win32
		{1888F07F-1021-46B9-9025-3AAA4EBF0A24}.Debug|ARM.ActiveCfg = Debug|Win32
		{1888F07F-1021-46B9-9025-3AAA4EBF0A24}.Debug|iPhone.ActiveCfg = Debug|Win32
		{1888F07F-1021-46B9-9025-3AAA4EBF0A24}.Debug|iPhoneSimulator.ActiveCfg = Debug|Win32
		{1888F07F-1021-46B9-9025-3AAA4EBF0A24}.Debug|x64.ActiveCfg = Debug|Win32
		{1888F07F-1021-46B9-9025-3AAA4EBF0A24}.Debug|x86.ActiveCfg = Debug|Win32
		{1888F07F-1021-46B9-9025-3AAA4EBF0A24}.Debug|x86.Build.0 = Debug|Win32
		{1888F07F-1021-46B9-9025-3AAA4EBF0A24}.Release|Any CPU.ActiveCfg = Release|Win32
		{1888F07F-1021-46B9-9025-3AAA4EBF0A24}.Release|ARM.ActiveCfg = Release|Win32
		{1888F07F-1021-46B9-9025-3AAA4EBF0A24}.Release|iPhone.ActiveCfg = Release|Win32
		{1888F07F-1021-46B9-9025-3AAA4EBF0A24}.Release|iPhoneSimulator.ActiveCfg = Release|Win32
		{1888F07F-1021-46B9-9025-3AAA4EBF0A24}.Release|x64.ActiveCfg = Release|Win32
		{1888F07F-1021-46B9-9025-3AAA4EBF0A24}.Release|x86.ActiveCfg = Release|Win32
		{1888F07F-1021-46B9-9025-3AAA4EBF0A24}.Release|x86.Build.0 = Release|Win32
	EndGlobalSection
	GlobalSection(SolutionProperties) = preSolution
		HideSolutionNode = FALSE
	EndGlobalSection
	GlobalSection(NestedProjects) = preSolution
		{6625FC6E-AC51-4276-9D95-57AB78E21B03} = {8C6156EA-09DC-40CD-936F-BC5682A10686}
		{1888F07F-1021-46B9-9025-3AAA4EBF0A24} = {8C6156EA-09DC-40CD-936F-BC5682A10686}
	EndGlobalSection
	GlobalSection(ExtensibilityGlobals) = postSolution
		SolutionGuid = {58ECB524-E734-4C78-BCF2-713705AC584B}
	EndGlobalSection
EndGlobal
